
Microsoft Visual Studio Solution File, Format Version 11.00
# Visual Studio 2010
Project("{FAE04EC0-301F-11D3-BF4B-00C04F79EFBC}") = "Assembly-CSharp", "Assembly-CSharp.csproj", "{A8843497-1ABA-963B-C5AD-82F20F3BC8F4}"
EndProject
Project("{FAE04EC0-301F-11D3-BF4B-00C04F79EFBC}") = "Assembly-CSharp-firstpass", "Assembly-CSharp-firstpass.csproj", "{E0C718C4-3F65-5E53-4C30-9D40ABA96464}"
EndProject
Project("{FAE04EC0-301F-11D3-BF4B-00C04F79EFBC}") = "Assembly-CSharp-Editor-firstpass", "Assembly-CSharp-Editor-firstpass.csproj", "{09C6A472-5FC8-2202-6E4D-58C8E1874F59}"
EndProject
Project("{FAE04EC0-301F-11D3-BF4B-00C04F79EFBC}") = "Assembly-CSharp-Editor", "Assembly-CSharp-Editor.csproj", "{EA7C7704-448F-0C60-8CAA-3E6B62AFCF7A}"
EndProject
Global
	GlobalSection(SolutionConfigurationPlatforms) = preSolution
		Debug|Any CPU = Debug|Any CPU
		Release|Any CPU = Release|Any CPU
	EndGlobalSection
	GlobalSection(ProjectConfigurationPlatforms) = postSolution
		{A8843497-1ABA-963B-C5AD-82F20F3BC8F4}.Debug|Any CPU.ActiveCfg = Debug|Any CPU
		{A8843497-1ABA-963B-C5AD-82F20F3BC8F4}.Debug|Any CPU.Build.0 = Debug|Any CPU
		{A8843497-1ABA-963B-C5AD-82F20F3BC8F4}.Release|Any CPU.ActiveCfg = Release|Any CPU
		{A8843497-1ABA-963B-C5AD-82F20F3BC8F4}.Release|Any CPU.Build.0 = Release|Any CPU
		{E0C718C4-3F65-5E53-4C30-9D40ABA96464}.Debug|Any CPU.ActiveCfg = Debug|Any CPU
		{E0C718C4-3F65-5E53-4C30-9D40ABA96464}.Debug|Any CPU.Build.0 = Debug|Any CPU
		{E0C718C4-3F65-5E53-4C30-9D40ABA96464}.Release|Any CPU.ActiveCfg = Release|Any CPU
		{E0C718C4-3F65-5E53-4C30-9D40ABA96464}.Release|Any CPU.Build.0 = Release|Any CPU
		{09C6A472-5FC8-2202-6E4D-58C8E1874F59}.Debug|Any CPU.ActiveCfg = Debug|Any CPU
		{09C6A472-5FC8-2202-6E4D-58C8E1874F59}.Debug|Any CPU.Build.0 = Debug|Any CPU
		{09C6A472-5FC8-2202-6E4D-58C8E1874F59}.Release|Any CPU.ActiveCfg = Release|Any CPU
		{09C6A472-5FC8-2202-6E4D-58C8E1874F59}.Release|Any CPU.Build.0 = Release|Any CPU
		{EA7C7704-448F-0C60-8CAA-3E6B62AFCF7A}.Debug|Any CPU.ActiveCfg = Debug|Any CPU
		{EA7C7704-448F-0C60-8CAA-3E6B62AFCF7A}.Debug|Any CPU.Build.0 = Debug|Any CPU
		{EA7C7704-448F-0C60-8CAA-3E6B62AFCF7A}.Release|Any CPU.ActiveCfg = Release|Any CPU
		{EA7C7704-448F-0C60-8CAA-3E6B62AFCF7A}.Release|Any CPU.Build.0 = Release|Any CPU
	EndGlobalSection
	GlobalSection(SolutionProperties) = preSolution
		HideSolutionNode = FALSE
	EndGlobalSection
	GlobalSection(MonoDevelopProperties) = preSolution
		StartupItem = Assembly-CSharp.csproj
	EndGlobalSection
EndGlobal
